lockfileVersion: '9.0'

settings:
  autoInstallPeers: true
  excludeLinksFromLockfile: false

importers:

  .:
    dependencies:
      '@reiryoku/ctrader-layer':
        specifier: ^2.2.0
        version: 2.2.0
      dotenv:
        specifier: ^17.4.2
        version: 17.4.2
      grammy:
        specifier: ^1.43.0
        version: 1.43.0
    devDependencies:
      '@types/node':
        specifier: ^25.9.2
        version: 25.9.2
      pm2:
        specifier: ^7.0.1
        version: 7.0.1
      tsx:
        specifier: ^4.22.4
        version: 4.22.4
      typescript:
        specifier: ^6.0.3
        version: 6.0.3

packages:

  '@esbuild/aix-ppc64@0.28.0':
    resolution: {integrity: sha512-lhRUCeuOyJQURhTxl4WkpFTjIsbDayJHih5kZC1giwE+MhIzAb7mEsQMqMf18rHLsrb5qI1tafG20mLxEWcWlA==}
    engines: {node: '>=18'}
    cpu: [ppc64]
    os: [aix]

  '@esbuild/android-arm64@0.28.0':
    resolution: {integrity: sha512-+WzIXQOSaGs33tLEgYPYe/yQHf0WTU0X42Jca3y8NWMbUVhp7rUnw+vAsRC/QiDrdD31IszMrZy+qwPOPjd+rw==}
    engines: {node: '>=18'}
    cpu: [arm64]
    os: [android]

  '@esbuild/android-arm@0.28.0':
    resolution: {integrity: sha512-wqh0ByljabXLKHeWXYLqoJ5jKC4XBaw6Hk08OfMrCRd2nP2ZQ5eleDZC41XHyCNgktBGYMbqnrJKq/K/lzPMSQ==}
    engines: {node: '>=18'}
    cpu: [arm]
    os: [android]

  '@esbuild/android-x64@0.28.0':
    resolution: {integrity: sha512-+VJggoaKhk2VNNqVL7f6S189UzShHC/mR9EE8rDdSkdpN0KflSwWY/gWjDrNxxisg8Fp1ZCD9jLMo4m0OUfeUA==}
    engines: {node: '>=18'}
    cpu: [x64]
    os: [android]

  '@esbuild/darwin-arm64@0.28.0':
    resolution: {integrity: sha512-0T+A9WZm+bZ84nZBtk1ckYsOvyA3x7e2Acj1KdVfV4/2tdG4fzUp91YHx+GArWLtwqp77pBXVCPn2We7Letr0Q==}
    engines: {node: '>=18'}
    cpu: [arm64]
    os: [darwin]

  '@esbuild/darwin-x64@0.28.0':
    resolution: {integrity: sha512-fyzLm/DLDl/84OCfp2f/XQ4flmORsjU7VKt8HLjvIXChJoFFOIL6pLJPH4Yhd1n1gGFF9mPwtlN5Wf82DZs+LQ==}
    engines: {node: '>=18'}
    cpu: [x64]
    os: [darwin]

  '@esbuild/freebsd-arm64@0.28.0':
    resolution: {integrity: sha512-l9GeW5UZBT9k9brBYI+0WDffcRxgHQD8ShN2Ur4xWq/NFzUKm3k5lsH4PdaRgb2w7mI9u61nr2gI2mLI27Nh3Q==}
    engines: {node: '>=18'}
    cpu: [arm64]
    os: [freebsd]

  '@esbuild/freebsd-x64@0.28.0':
    resolution: {integrity: sha512-BXoQai/A0wPO6Es3yFJ7APCiKGc1tdAEOgeTNy3SsB491S3aHn4S4r3e976eUnPdU+NbdtmBuLncYir2tMU9Nw==}
    engines: {node: '>=18'}
    cpu: [x64]
    os: [freebsd]

  '@esbuild/linux-arm64@0.28.0':
    resolution: {integrity: sha512-RVyzfb3FWsGA55n6WY0MEIEPURL1FcbhFE6BffZEMEekfCzCIMtB5yyDcFnVbTnwk+CLAgTujmV/Lgvih56W+A==}
    engines: {node: '>=18'}
    cpu: [arm64]
    os: [linux]

  '@esbuild/linux-arm@0.28.0':
    resolution: {integrity: sha512-CjaaREJagqJp7iTaNQjjidaNbCKYcd4IDkzbwwxtSvjI7NZm79qiHc8HqciMddQ6CKvJT6aBd8lO9kN/ZudLlw==}
    engines: {node: '>=18'}
    cpu: [arm]
    os: [linux]

  '@esbuild/linux-ia32@0.28.0':
    resolution: {integrity: sha512-KBnSTt1kxl9x70q+ydterVdl+Cn0H18ngRMRCEQfrbqdUuntQQ0LoMZv47uB97NljZFzY6HcfqEZ2SAyIUTQBQ==}
    engines: {node: '>=18'}
    cpu: [ia32]
    os: [linux]

  '@esbuild/linux-loong64@0.28.0':
    resolution: {integrity: sha512-zpSlUce1mnxzgBADvxKXX5sl8aYQHo2ezvMNI8I0lbblJtp8V4odlm3Yzlj7gPyt3T8ReksE6bK+pT3WD+aJRg==}
    engines: {node: '>=18'}
    cpu: [loong64]
    os: [linux]

  '@esbuild/linux-mips64el@0.28.0':
    resolution: {integrity: sha512-2jIfP6mmjkdmeTlsX/9vmdmhBmKADrWqN7zcdtHIeNSCH1SqIoNI63cYsjQR8J+wGa4Y5izRcSHSm8K3QWmk3w==}
    engines: {node: '>=18'}
    cpu: [mips64el]
    os: [linux]

  '@esbuild/linux-ppc64@0.28.0':
    resolution: {integrity: sha512-bc0FE9wWeC0WBm49IQMPSPILRocGTQt3j5KPCA8os6VprfuJ7KD+5PzESSrJ6GmPIPJK965ZJHTUlSA6GNYEhg==}
    engines: {node: '>=18'}
    cpu: [ppc64]
    os: [linux]

  '@esbuild/linux-riscv64@0.28.0':
    resolution: {integrity: sha512-SQPZOwoTTT/HXFXQJG/vBX8sOFagGqvZyXcgLA3NhIqcBv1BJU1d46c0rGcrij2B56Z2rNiSLaZOYW5cUk7yLQ==}
    engines: {node: '>=18'}
    cpu: [riscv64]
    os: [linux]

  '@esbuild/linux-s390x@0.28.0':
    resolution: {integrity: sha512-SCfR0HN8CEEjnYnySJTd2cw0k9OHB/YFzt5zgJEwa+wL/T/raGWYMBqwDNAC6dqFKmJYZoQBRfHjgwLHGSrn3Q==}
    engines: {node: '>=18'}
    cpu: [s390x]
    os: [linux]

  '@esbuild/linux-x64@0.28.0':
    resolution: {integrity: sha512-us0dSb9iFxIi8srnpl931Nvs65it/Jd2a2K3qs7fz2WfGPHqzfzZTfec7oxZJRNPXPnNYZtanmRc4AL/JwVzHQ==}
    engines: {node: '>=18'}
    cpu: [x64]
    os: [linux]

  '@esbuild/netbsd-arm64@0.28.0':
    resolution: {integrity: sha512-CR/RYotgtCKwtftMwJlUU7xCVNg3lMYZ0RzTmAHSfLCXw3NtZtNpswLEj/Kkf6kEL3Gw+BpOekRX0BYCtklhUw==}
    engines: {node: '>=18'}
    cpu: [arm64]
    os: [netbsd]

  '@esbuild/netbsd-x64@0.28.0':
    resolution: {integrity: sha512-nU1yhmYutL+fQ71Kxnhg8uEOdC0pwEW9entHykTgEbna2pw2dkbFSMeqjjyHZoCmt8SBkOSvV+yNmm94aUrrqw==}
    engines: {node: '>=18'}
    cpu: [x64]
    os: [netbsd]

  '@esbuild/openbsd-arm64@0.28.0':
    resolution: {integrity: sha512-cXb5vApOsRsxsEl4mcZ1XY3D4DzcoMxR/nnc4IyqYs0rTI8ZKmW6kyyg+11Z8yvgMfAEldKzP7AdP64HnSC/6g==}
    engines: {node: '>=18'}
    cpu: [arm64]
    os: [openbsd]

  '@esbuild/openbsd-x64@0.28.0':
    resolution: {integrity: sha512-8wZM2qqtv9UP3mzy7HiGYNH/zjTA355mpeuA+859TyR+e+Tc08IHYpLJuMsfpDJwoLo1ikIJI8jC3GFjnRClzA==}
    engines: {node: '>=18'}
    cpu: [x64]
    os: [openbsd]

  '@esbuild/openharmony-arm64@0.28.0':
    resolution: {integrity: sha512-FLGfyizszcef5C3YtoyQDACyg95+dndv79i2EekILBofh5wpCa1KuBqOWKrEHZg3zrL3t5ouE5jgr94vA+Wb2w==}
    engines: {node: '>=18'}
    cpu: [arm64]
    os: [openharmony]

  '@esbuild/sunos-x64@0.28.0':
    resolution: {integrity: sha512-1ZgjUoEdHZZl/YlV76TSCz9Hqj9h9YmMGAgAPYd+q4SicWNX3G5GCyx9uhQWSLcbvPW8Ni7lj4gDa1T40akdlw==}
    engines: {node: '>=18'}
    cpu: [x64]
    os: [sunos]

  '@esbuild/win32-arm64@0.28.0':
    resolution: {integrity: sha512-Q9StnDmQ/enxnpxCCLSg0oo4+34B9TdXpuyPeTedN/6+iXBJ4J+zwfQI28u/Jl40nOYAxGoNi7mFP40RUtkmUA==}
    engines: {node: '>=18'}
    cpu: [arm64]
    os: [win32]

  '@esbuild/win32-ia32@0.28.0':
    resolution: {integrity: sha512-zF3ag/gfiCe6U2iczcRzSYJKH1DCI+ByzSENHlM2FcDbEeo5Zd2C86Aq0tKUYAJJ1obRP84ymxIAksZUcdztHA==}
    engines: {node: '>=18'}
    cpu: [ia32]
    os: [win32]

  '@esbuild/win32-x64@0.28.0':
    resolution: {integrity: sha512-pEl1bO9mfAmIC+tW5btTmrKaujg3zGtUmWNdCw/xs70FBjwAL3o9OEKNHvNmnyylD6ubxUERiEhdsL0xBQ9efw==}
    engines: {node: '>=18'}
    cpu: [x64]
    os: [win32]

  '@grammyjs/types@3.27.3':
    resolution: {integrity: sha512-yUKMLliGsGbnxu96YUJ7km7B0zy4PzeH/Jvti5705R/LeKDMqkDV4DckMSt+OrliWQpTwQljHE0QLol5zgxBkg==}

  '@pm2/blessed@0.1.81':
    resolution: {integrity: sha512-ZcNHqQjMuNRcQ7Z1zJbFIQZO/BDKV3KbiTckWdfbUaYhj7uNmUwb+FbdDWSCkvxNr9dBJQwvV17o6QBkAvgO0g==}
    engines: {node: '>= 0.8.0'}
    hasBin: true

  '@pm2/js-api@0.8.0':
    resolution: {integrity: sha512-nmWzrA/BQZik3VBz+npRcNIu01kdBhWL0mxKmP1ciF/gTcujPTQqt027N9fc1pK9ERM8RipFhymw7RcmCyOEYA==}
    engines: {node: '>=4.0'}

  '@pm2/pm2-version-check@1.0.4':
    resolution: {integrity: sha512-SXsM27SGH3yTWKc2fKR4SYNxsmnvuBQ9dd6QHtEWmiZ/VqaOYPAIlS8+vMcn27YLtAEBGvNRSh3TPNvtjZgfqA==}

  '@reiryoku/ctrader-layer@2.2.0':
    resolution: {integrity: sha512-p5Z4XxV5k8z5gq8iLA6hHKDoxkxzpbtLnSh9sr1HZXiD1EsSUXPZSaBNlcZj9eF/dqa+x5NVtTA+e7vOycIvrA==}

  '@tootallnate/quickjs-emscripten@0.23.0':
    resolution: {integrity: sha512-C5Mc6rdnsaJDjO3UpGW/CQTHtCKaYlScZTly4JIu97Jxo/odCiH0ITnDXSJPTOrEKk/ycSZ0AOgTmkDtkOsvIA==}

  '@types/node@25.9.2':
    resolution: {integrity: sha512-G05zqtJhcDLb8uslf5EjCxXg9G1KQxiV8OS0R26IC//Eoyitzqe8z37I7cqvnZlrlSfgocQRfSn/AHBZJJFyGw==}

  abort-controller@3.0.0:
    resolution: {integrity: sha512-h8lQ8tacZYnR3vNQTgibj+tODHI5/+l06Au2Pcriv/Gmet0eaj4TwWH41sO9wnHDiQsEj19q0drzdWdeAHtweg==}
    engines: {node: '>=6.5'}

  agent-base@7.1.4:
    resolution: {integrity: sha512-MnA+YT8fwfJPgBx3m60MNqakm30XOkyIoH1y6huTQvC0PwZG7ki8NacLBcrPbNoo8vEZy7Jpuk7+jMO+CUovTQ==}
    engines: {node: '>= 14'}

  amp-message@0.1.2:
    resolution: {integrity: sha512-JqutcFwoU1+jhv7ArgW38bqrE+LQdcRv4NxNw0mp0JHQyB6tXesWRjtYKlDgHRY2o3JE5UTaBGUK8kSWUdxWUg==}

  amp@0.3.1:
    resolution: {integrity: sha512-OwIuC4yZaRogHKiuU5WlMR5Xk/jAcpPtawWL05Gj8Lvm2F6mwoJt4O/bHI+DHwG79vWd+8OFYM4/BzYqyRd3qw==}

  ansi-regex@2.1.1:
    resolution: {integrity: sha512-TIGnTpdo+E3+pCyAluZvtED5p5wCqLdezCyhPZzKPcxvFplEt4i+W7OONCKgeZFT3+y5NZZfOOS/Bdcanm1MYA==}
    engines: {node: '>=0.10.0'}

  ansi-styles@4.3.0:
    resolution: {integrity: sha512-zbB9rCJAT1rbjiVDb2hqKFHNYLxgtk8NURxZ3IZwD3F6NtxbXZQCnnSi1Lkx+IDohdPlFp222wVALIheZJQSEg==}
    engines: {node: '>=8'}

  ansis@4.0.0-node10:
    resolution: {integrity: sha512-BRrU0Bo1X9dFGw6KgGz6hWrqQuOlVEDOzkb0QSLZY9sXHqA7pNj7yHPVJRz7y/rj4EOJ3d/D5uxH+ee9leYgsg==}
    engines: {node: '>=10'}

  anymatch@3.1.3:
    resolution: {integrity: sha512-KMReFUr0B4t+D+OBkjR3KYqvocp2XaSzO55UcB6mgQMd3KbcE+mWTyvVV7D/zsdEbNnV6acZUutkiHQXvTr1Rw==}
    engines: {node: '>= 8'}

  argparse@2.0.1:
    resolution: {integrity: sha512-8+9WqebbFzpX9OR+Wa6O29asIogeRMzcGtAINdpMHHyAg10f05aSFVBbcEqGf/PXw1EjAZ+q2/bEBg3DvurK3Q==}

  ascli@1.0.1:
    resolution: {integrity: sha512-JGQaNxpaCJz9Bd1JvVaFIHuWn9S+l3xhN17R0V/vmUDiGE0QngNMXhjlqpwqV+91plWz9Fg+Lt28Lj7p5vjs8A==}

  ast-types@0.13.4:
    resolution: {integrity: sha512-x1FCFnFifvYDDzTaLII71vG5uvDwgtmDTEVWAxrgeiR8VjMONcCXJx7E+USjDtHlwFmt9MysbqgF9b9Vjr6w+w==}
    engines: {node: '>=4'}

  async@2.6.4:
    resolution: {integrity: sha512-mzo5dfJYwAn29PeiJ0zvwTo04zj8HDJj0Mn8TD7sno7q12prdbnasKJHhkm2c1LgrhlJ0teaea8860oxi51mGA==}

  async@3.2.6:
    resolution: {integrity: sha512-htCUDlxyyCLMgaM3xXg0C0LW2xqfuQ6p05pCEIsXuyQ+a1koYKTuBMzRNwmybfLgvJDMd0r1LTn4+E0Ti6C2AA==}

  axios@0.21.1:
    resolution: {integrity: sha512-dKQiRHxGD9PPRIUNIWvZhPTPpl1rf/OxTYKsqKUDjBwYylTvV7SjSHJb9ratfyzM6wCdLCOYLzs73qpg5c4iGA==}

  balanced-match@1.0.2:
    resolution: {integrity: sha512-3oSeUO0TMV67hN1AmbXsK4yaqU7tjiHlbxRDZOpH0KW9+CeX4bRAaX0Anxt0tx2MrpRpWwQaPwIlISEJhYU5Pw==}

  basic-ftp@5.3.1:
    resolution: {integrity: sha512-bopVNp6ugyA150DDuZfPFdt1KZ5a94ZDiwX4hMgZDzF+GttD80lEy8kj98kbyhLXnPvhtIo93mdnLIjpCAeeOw==}
    engines: {node: '>=10.0.0'}

  binary-extensions@2.3.0:
    resolution: {integrity: sha512-Ceh+7ox5qe7LJuLHoY0feh3pHuUDHAcRUeyL2VYghZwfpkNIy/+8Ocg0a3UuSoYzavmylwuLWQOf3hl0jjMMIw==}
    engines: {node: '>=8'}

  bodec@0.1.0:
    resolution: {integrity: sha512-Ylo+MAo5BDUq1KA3f3R/MFhh+g8cnHmo8bz3YPGhI1znrMaf77ol1sfvYJzsw3nTE+Y2GryfDxBaR+AqpAkEHQ==}

  brace-expansion@1.1.15:
    resolution: {integrity: sha512-EwOCDEex4quD37XhqM3omwtMoJjr//isUZz1JopUNWms+4Z2ViyM/k1YIRePpoVNnQhENnxtFjLaxNHrT7xIUg==}

  braces@3.0.3:
    resolution: {integrity: sha512-yQbXgO/OSZVD2IsiLlro+7Hf6Q18EJrKSEsdoMzKePKXct3gvD8oLcOQdIzGupr5Fj+EDe8gO/lxc1BzfMpxvA==}
    engines: {node: '>=8'}

  bytebuffer@5.0.1:
    resolution: {integrity: sha512-IuzSdmADppkZ6DlpycMkm8l9zeEq16fWtLvunEwFiYciR/BHo4E8/xs5piFquG+Za8OWmMqHF8zuRviz2LHvRQ==}
    engines: {node: '>=0.8'}

  camelcase@2.1.1:
    resolution: {integrity: sha512-DLIsRzJVBQu72meAKPkWQOLcujdXT32hwdfnkI1frSiSRMK1MofjKHf+MEx0SB6fjEFXL8fBDv1dKymBlOp4Qw==}
    engines: {node: '>=0.10.0'}

  chalk@3.0.0:
    resolution: {integrity: sha512-4D3B6Wf41KOYRFdszmDqMCGq5VV/uMAB273JILmO+3jAlh8X4qDtdtgCR3fxtbLEMzSx22QdhnDcJvu2u1fVwg==}
    engines: {node: '>=8'}

  chokidar@3.6.0:
    resolution: {integrity: sha512-7VT13fmjotKpGipCW9JEQAusEPE+Ei8nl6/g4FBAmIm0GOOLMua9NDDo/DWp0ZAxCr3cPq5ZpBqmPAQgDda2Pw==}
    engines: {node: '>= 8.10.0'}

  cli-tableau@2.0.1:
    resolution: {integrity: sha512-he+WTicka9cl0Fg/y+YyxcN6/bfQ/1O3QmgxRXDhABKqLzvoOSM4fMzp39uMyLBulAFuywD2N7UaoQE7WaADxQ==}
    engines: {node: '>=8.10.0'}

  cliui@3.2.0:
    resolution: {integrity: sha512-0yayqDxWQbqk3ojkYqUKqaAQ6AfNKeKWRNA8kR0WXzAsdHpP4BIaOmMAG87JGuO6qcobyW4GjxHd9PmhEd+T9w==}

  code-point-at@1.1.0:
    resolution: {integrity: sha512-RpAVKQA5T63xEj6/giIbUEtZwJ4UFIc3ZtvEkiaUERylqe8xb5IvqcgOurZLahv93CLKfxcw5YI+DZcUBRyLXA==}
    engines: {node: '>=0.10.0'}

  color-convert@2.0.1:
    resolution: {integrity: sha512-RRECPsj7iu/xb5oKYcsFHSppFNnsj/52OVTRKb4zP5onXwVF3zVmmToNcOfGC+CRDpfK/U584fMg38ZHCaElKQ==}
    engines: {node: '>=7.0.0'}

  color-name@1.1.4:
    resolution: {integrity: sha512-dOy+3AuW3a2wNbZHIuMZpTcgjGuLU/uBL/ubcZF9OXbDo8ff4O8yVp5Bf0efS8uEoYo5q4Fx7dY9OgQGXgAsQA==}

  colour@0.7.1:
    resolution: {integrity: sha512-Rel466v0EnmKPcsxHo91L4kgPs/6XF7Pu2LJNszq9lXYwi5CFWEeIiRaTX5ym7PPMdj4udDHkLSVC1//JVkZQg==}
    engines: {node: '>=0.8'}

  commander@2.15.1:
    resolution: {integrity: sha512-VlfT9F3V0v+jr4yxPc5gg9s62/fIVWsd2Bk2iD435um1NlGMYdVCq+MjcXnhYq2icNOizHr1kK+5TI6H0Hy0ag==}

  concat-map@0.0.1:
    resolution: {integrity: sha512-/Srv4dswyQNBfohGpz9o6Yb3Gz3SrUDqBH5rTuhGR7ahtlbYKnVxw2bCFMRljaA7EXHaXZ8wsHdodFvbkhKmqg==}

  croner@4.1.97:
    resolution: {integrity: sha512-/f6gpQuxDaqXu+1kwQYSckUglPaOrHdbIlBAu0YuW8/Cdb45XwXYNUBXg3r/9Mo6n540Kn/smKcZWko5x99KrQ==}

  culvert@0.1.2:
    resolution: {integrity: sha512-yi1x3EAWKjQTreYWeSd98431AV+IEE0qoDyOoaHJ7KJ21gv6HtBXHVLX74opVSGqcR8/AbjJBHAHpcOy2bj5Gg==}

  data-uri-to-buffer@6.0.2:
    resolution: {integrity: sha512-7hvf7/GW8e86rW0ptuwS3OcBGDjIi6SZva7hCyWC0yYry2cOPmLIjXAUHI6DK2HsnwJd9ifmt57i8eV2n4YNpw==}
    engines: {node: '>= 14'}

  dayjs@1.11.15:
    resolution: {integrity: sha512-MC+DfnSWiM9APs7fpiurHGCoeIx0Gdl6QZBy+5lu8MbYKN5FZEXqOgrundfibdfhGZ15o9hzmZ2xJjZnbvgKXQ==}

  debug@4.3.7:
    resolution: {integrity: sha512-Er2nc/H7RrMXZBFCEim6TCmMk02Z8vLC2Rbi1KEBggpo0fS6l0S1nnapwmIi3yW/+GOJap1Krg4w0Hg80oCqgQ==}
    engines: {node: '>=6.0'}
    peerDependencies:
      supports-color: '*'
    peerDependenciesMeta:
      supports-color:
        optional: true

  debug@4.4.3:
    resolution: {integrity: sha512-RGwwWnwQvkVfavKVt22FGLw+xYSdzARwm0ru6DhTVA3umU5hZc28V3kO4stgYryrTlLpuvgI9GiijltAjNbcqA==}
    engines: {node: '>=6.0'}
    peerDependencies:
      supports-color: '*'
    peerDependenciesMeta:
      supports-color:
        optional: true

  decamelize@1.2.0:
    resolution: {integrity: sha512-z2S+W9X73hAUUki+N+9Za2lBlun89zigOyGrsax+KUQ6wKW4ZoWpEYBkGhQjwAjjDCkWxhY0VKEhk8wzY7F5cA==}
    engines: {node: '>=0.10.0'}

  degenerator@5.0.1:
    resolution: {integrity: sha512-TllpMR/t0M5sqCXfj85i4XaAzxmS5tVA16dqvdkMwGmzI+dXLXnw3J+3Vdv7VKw+ThlTMboK6i9rnZ6Nntj5CQ==}
    engines: {node: '>= 14'}

  dotenv@17.4.2:
    resolution: {integrity: sha512-nI4U3TottKAcAD9LLud4Cb7b2QztQMUEfHbvhTH09bqXTxnSie8WnjPALV/WMCrJZ6UV/qHJ6L03OqO3LcdYZw==}
    engines: {node: '>=12'}

  esbuild@0.28.0:
    resolution: {integrity: sha512-sNR9MHpXSUV/XB4zmsFKN+QgVG82Cc7+/aaxJ8Adi8hyOac+EXptIp45QBPaVyX3N70664wRbTcLTOemCAnyqw==}
    engines: {node: '>=18'}
    hasBin: true

  escodegen@2.1.0:
    resolution: {integrity: sha512-2NlIDTwUWJN0mRPQOdtQBzbUHvdGY2P1VXSyU83Q3xKxM7WHX2Ql8dKq782Q9TgQUNOLEzEYu9bzLNj1q88I5w==}
    engines: {node: '>=6.0'}
    hasBin: true

  esprima@4.0.1:
    resolution: {integrity: sha512-eGuFFw7Upda+g4p+QHvnW0RyTX/SVeJBDM/gCtMARO0cLuT2HcEKnTPvhjV6aGeqrCB/sbNop0Kszm0jsaWU4A==}
    engines: {node: '>=4'}
    hasBin: true

  estraverse@5.3.0:
    resolution: {integrity: sha512-MMdARuVEQziNTeJD8DgMqmhwR11BRQ/cBP+pLtYdSTnf3MIO8fFeiINEbX36ZdNlfU/7A9f3gUw49B3oQsvwBA==}
    engines: {node: '>=4.0'}

  esutils@2.0.3:
    resolution: {integrity: sha512-kVscqXk4OCp68SZ0dkgEKVi6/8ij300KBWTJq32P/dYeWTSwK41WyTxalN1eRmA5Z9UU/LX9D7FWSmV9SAYx6g==}
    engines: {node: '>=0.10.0'}

  event-target-shim@5.0.1:
    resolution: {integrity: sha512-i/2XbnSz/uxRCU6+NdVJgKWDTM427+MqYbkQzD321DuCQJUqOuJKIA0IM2+W2xtYHdKOmZ4dR6fExsd4SXL+WQ==}
    engines: {node: '>=6'}

  eventemitter2@6.4.9:
    resolution: {integrity: sha512-JEPTiaOt9f04oa6NOkc4aH+nVp5I3wEjpHbIPqfgCdD5v5bUzy7xQqwcVO2aDQgOWhI28da57HksMrzK9HlRxg==}

  extrareqp2@1.0.0:
    resolution: {integrity: sha512-Gum0g1QYb6wpPJCVypWP3bbIuaibcFiJcpuPM10YSXp/tzqi84x9PJageob+eN4xVRIOto4wjSGNLyMD54D2xA==}

  fast-json-patch@3.1.1:
    resolution: {integrity: sha512-vf6IHUX2SBcA+5/+4883dsIjpBTqmfBjmYiWK1savxQmFk4JfBMLa7ynTYOs1Rolp/T1betJxHiGD3g1Mn8lUQ==}

  fill-range@7.1.1:
    resolution: {integrity: sha512-YsGpe3WHLK8ZYi4tWDg2Jy3ebRz2rXowDxnld4bkQB00cc/1Zw9AWnC0i9ztDJitivtQvaI9KaLyKrc+hBW0yg==}
    engines: {node: '>=8'}

  follow-redirects@1.16.0:
    resolution: {integrity: sha512-y5rN/uOsadFT/JfYwhxRS5R7Qce+g3zG97+JrtFZlC9klX/W5hD7iiLzScI4nZqUS7DNUdhPgw4xI8W2LuXlUw==}
    engines: {node: '>=4.0'}
    peerDependencies:
      debug: '*'
    peerDependenciesMeta:
      debug:
        optional: true

  fsevents@2.3.3:
    resolution: {integrity: sha512-5xoDfX+fL7faATnagmWPpbFtwh/R77WmMMqqHGS65C3vvB0YHrgF+B1YmZ3441tMj5n63k0212XNoJwzlhffQw==}
    engines: {node: ^8.16.0 || ^10.6.0 || >=11.0.0}
    os: [darwin]

  get-uri@6.0.5:
    resolution: {integrity: sha512-b1O07XYq8eRuVzBNgJLstU6FYc1tS6wnMtF1I1D9lE8LxZSOGZ7LhxN54yPP6mGw5f2CkXY2BQUL9Fx41qvcIg==}
    engines: {node: '>= 14'}

  git-node-fs@1.0.0:
    resolution: {integrity: sha512-bLQypt14llVXBg0S0u8q8HmU7g9p3ysH+NvVlae5vILuUvs759665HvmR5+wb04KjHyjFcDRxdYb4kyNnluMUQ==}
    peerDependencies:
      js-git: ^0.7.8
    peerDependenciesMeta:
      js-git:
        optional: true

  git-sha1@0.1.2:
    resolution: {integrity: sha512-2e/nZezdVlyCopOCYHeW0onkbZg7xP1Ad6pndPy1rCygeRykefUS6r7oA5cJRGEFvseiaz5a/qUHFVX1dd6Isg==}

  glob-parent@5.1.2:
    resolution: {integrity: sha512-AOIgSQCepiJYwP3ARnGx+5VnTu2HBYdzbGP45eLw1vr3zB3vZLeyed1sC9hnbcOc9/SrMyM5RPQrkGz4aS9Zow==}
    engines: {node: '>= 6'}

  glob@5.0.15:
    resolution: {integrity: sha512-c9IPMazfRITpmAAKi22dK1VKxGDX9ehhqfABDriL/lzO92xcUKEJPQHrVA/2YHSNFB4iFlykVmWvwo48nr3OxA==}
    deprecated: Old versions of glob are not supported, and contain widely publicized security vulnerabilities, which have been fixed in the current version. Please update. Support for old versions may be purchased (at exorbitant rates) by contacting i@izs.me

  grammy@1.43.0:
    resolution: {integrity: sha512-7dYm06A945mXuIk/5HUlSjeyIYChW8vCEiU2dkOKKqJJzwAWxTkCc91Eqbz7TgODh2rtFFKWI/fekowWHOkmjQ==}
    engines: {node: ^12.20.0 || >=14.13.1}

  has-flag@4.0.0:
    resolution: {integrity: sha512-EykJT/Q1KjTWctppgIAgfSO0tKVuZUjhgMr17kqTumMl6Afv3EISleU7qZUzoXDFTAHTDC4NOoG/ZxU3EvlMPQ==}
    engines: {node: '>=8'}

  http-proxy-agent@7.0.2:
    resolution: {integrity: sha512-T1gkAiYYDWYx3V5Bmyu7HcfcvL7mUrTWiM6yOfa3PIphViJ/gFPbvidQ+veqSOHci/PxBcDabeUNCzpOODJZig==}
    engines: {node: '>= 14'}

  https-proxy-agent@7.0.6:
    resolution: {integrity: sha512-vK9P5/iUfdl95AI+JVyUuIcVtd4ofvtrOr3HNtM2yxC9bnMbEdp3x01OhQNnjb8IJYi38VlTE3mBXwcfvywuSw==}
    engines: {node: '>= 14'}

  inflight@1.0.6:
    resolution: {integrity: sha512-k92I/b08q4wvFscXCLvqfsHCrjrF7yiXsQuIVvVE7N82W3+aqpzuUdBbfhWcy/FZR3/4IgflMgKLOsvPDrGCJA==}
    deprecated: This module is not supported, and leaks memory. Do not use it. Check out lru-cache if you want a good and tested way to coalesce async requests by a key value, which is much more comprehensive and powerful.

  inherits@2.0.4:
    resolution: {integrity: sha512-k/vGaX4/Yla3WzyMCvTQOXYeIHvqOKtnqBduzTHpzpQZzAskKMhZ2K+EnBiSM9zGSoIFeMpXKxa4dYeZIQqewQ==}

  ini@1.3.8:
    resolution: {integrity: sha512-JV/yugV2uzW5iMRSiZAyDtQd+nxtUnjeLt0acNdw98kKLrvuRVyB80tsREOE7yvGVgalhZ6RNXCmEHkUKBKxew==}

  invert-kv@1.0.0:
    resolution: {integrity: sha512-xgs2NH9AE66ucSq4cNG1nhSFghr5l6tdL15Pk+jl46bmmBapgoaY/AacXyaDznAqmGL99TiLSQgO/XazFSKYeQ==}
    engines: {node: '>=0.10.0'}

  ip-address@10.2.0:
    resolution: {integrity: sha512-/+S6j4E9AHvW9SWMSEY9Xfy66O5PWvVEJ08O0y5JGyEKQpojb0K0GKpz/v5HJ/G0vi3D2sjGK78119oXZeE0qA==}
    engines: {node: '>= 12'}

  is-binary-path@2.1.0:
    resolution: {integrity: sha512-ZMERYes6pDydyuGidse7OsHxtbI7WVeUEozgR/g7rd0xUimYNlvZRE/K2MgZTjWy725IfelLeVcEM97mmtRGXw==}
    engines: {node: '>=8'}

  is-extglob@2.1.1:
    resolution: {integrity: sha512-SbKbANkN603Vi4jEZv49LeVJMn4yGwsbzZworEoyEiutsN3nJYdbO36zfhGJ6QEDpOZIFkDtnq5JRxmvl3jsoQ==}
    engines: {node: '>=0.10.0'}

  is-fullwidth-code-point@1.0.0:
    resolution: {integrity: sha512-1pqUqRjkhPJ9miNq9SwMfdvi6lBJcd6eFxvfaivQhaH3SgisfiuudvFntdKOmxuee/77l+FPjKrQjWvmPjWrRw==}
    engines: {node: '>=0.10.0'}

  is-glob@4.0.3:
    resolution: {integrity: sha512-xelSayHH36ZgE7ZWhli7pW34hNbNl8Ojv5KVmkJD4hBdD3th8Tfk9vYasLM+mXWOZhFkgZfxhLSnrwRr4elSSg==}
    engines: {node: '>=0.10.0'}

  is-number@7.0.0:
    resolution: {integrity: sha512-41Cifkg6e8TylSpdtTpeLVMqvSBEVzTttHvERD741+pnZ8ANv0004MRL43QKPDlK9cGvNp6NZWZUBlbGXYxxng==}
    engines: {node: '>=0.12.0'}

  js-git@0.7.8:
    resolution: {integrity: sha512-+E5ZH/HeRnoc/LW0AmAyhU+mNcWBzAKE+30+IDMLSLbbK+Tdt02AdkOKq9u15rlJsDEGFqtgckc8ZM59LhhiUA==}

  js-yaml@4.1.1:
    resolution: {integrity: sha512-qQKT4zQxXl8lLwBtHMWwaTcGfFOZviOJet3Oy/xmGk2gZH677CJM9EvtfdSkgWcATZhj/55JZ0rmy3myCT5lsA==}
    hasBin: true

  json-stringify-safe@5.0.1:
    resolution: {integrity: sha512-ZClg6AaYvamvYEE82d3Iyd3vSSIjQ+odgjaTzRuO3s7toCdFKczob2i0zCh7JE8kWn17yvAWhUVxvqGwUalsRA==}

  lcid@1.0.0:
    resolution: {integrity: sha512-YiGkH6EnGrDGqLMITnGjXtGmNtjoXw9SVUzcaos8RBi7Ps0VBylkq+vOcY9QE5poLasPCR849ucFUkl0UzUyOw==}
    engines: {node: '>=0.10.0'}

  lodash@4.18.1:
    resolution: {integrity: sha512-dMInicTPVE8d1e5otfwmmjlxkZoUpiVLwyeTdUsi/Caj/gfzzblBcCE5sRHV/AsjuCmxWrte2TNGSYuCeCq+0Q==}

  long@3.2.0:
    resolution: {integrity: sha512-ZYvPPOMqUwPoDsbJaR10iQJYnMuZhRTvHYl62ErLIEX7RgFlziSBUUvrt3OVfc47QlHHpzPZYP17g3Fv7oeJkg==}
    engines: {node: '>=0.6'}

  lru-cache@7.18.3:
    resolution: {integrity: sha512-jumlc0BIUrS3qJGgIkWZsyfAM7NCWiBcCDhnd+3NNM5KbBmLTgHVfWBcg6W+rLUsIpzpERPsvwUP7CckAQSOoA==}
    engines: {node: '>=12'}

  minimatch@3.1.5:
    resolution: {integrity: sha512-VgjWUsnnT6n+NUk6eZq77zeFdpW2LWDzP6zFGrCbHXiYNul5Dzqk2HHQ5uFH2DNW5Xbp8+jVzaeNt94ssEEl4w==}

  ms@2.1.3:
    resolution: {integrity: sha512-6FlzubTLZG3J2a/NVCAleEhjzq5oxgHyaCU9yYXvcLsvoVaHJq/s5xXI6/XXP6tz7R9xAOtHnSO/tXtF3WRTlA==}

  netmask@2.1.1:
    resolution: {integrity: sha512-eonl3sLUha+S1GzTPxychyhnUzKyeQkZ7jLjKrBagJgPla13F+uQ71HgpFefyHgqrjEbCPkDArxYsjY8/+gLKA==}
    engines: {node: '>= 0.4.0'}

  node-fetch@2.7.0:
    resolution: {integrity: sha512-c4FRfUm/dbcWZ7U+1Wq0AwCyFL+3nt2bEw05wfxSz+DWpWsitgmSgYmy2dQdWyKC1694ELPqMs/YzUSNozLt8A==}
    engines: {node: 4.x || >=6.0.0}
    peerDependencies:
      encoding: ^0.1.0
    peerDependenciesMeta:
      encoding:
        optional: true

  normalize-path@3.0.0:
    resolution: {integrity: sha512-6eZs5Ls3WtCisHWp9S2GUy8dqkpGi4BVSz3GaqiE6ezub0512ESztXUwUB6C6IKbQkY2Pnb/mD4WYojCRwcwLA==}
    engines: {node: '>=0.10.0'}

  number-is-nan@1.0.1:
    resolution: {integrity: sha512-4jbtZXNAsfZbAHiiqjLPBiCl16dES1zI4Hpzzxw61Tk+loF+sBDBKx1ICKKKwIqQ7M0mFn1TmkN7euSncWgHiQ==}
    engines: {node: '>=0.10.0'}

  once@1.4.0:
    resolution: {integrity: sha512-lNaJgI+2Q5URQBkccEKHTQOPaXdUxnZZElQTZY0MFUAuaEqe1E+Nyvgdz/aIyNi6Z9MzO5dv1H8n58/GELp3+w==}

  optjs@3.2.2:
    resolution: {integrity: sha512-f8lTJm4LKirX+45xsFhuRNjA4f46QVLQKfGoNH7e2AEWS+24eM4XNH4pQ8Tw2LISCIvbST/wNcLdtgvgcqVaxA==}

  os-locale@1.4.0:
    resolution: {integrity: sha512-PRT7ZORmwu2MEFt4/fv3Q+mEfN4zetKxufQrkShY2oGvUms9r8otu5HfdyIFHkYXjO7laNsoVGmM2MANfuTA8g==}
    engines: {node: '>=0.10.0'}

  pac-proxy-agent@7.2.0:
    resolution: {integrity: sha512-TEB8ESquiLMc0lV8vcd5Ql/JAKAoyzHFXaStwjkzpOpC5Yv+pIzLfHvjTSdf3vpa2bMiUQrg9i6276yn8666aA==}
    engines: {node: '>= 14'}

  pac-resolver@7.0.1:
    resolution: {integrity: sha512-5NPgf87AT2STgwa2ntRMr45jTKrYBGkVU36yT0ig/n/GMAa3oPqhZfIQ2kMEimReg0+t9kZViDVZ83qfVUlckg==}
    engines: {node: '>= 14'}

  pako@0.2.9:
    resolution: {integrity: sha512-NUcwaKxUxWrZLpDG+z/xZaCgQITkA/Dv4V/T6bw7VON6l1Xz/VnrBqrYjZQ12TamKHzITTfOEIYUj48y2KXImA==}

  path-is-absolute@1.0.1:
    resolution: {integrity: sha512-AVbw3UJ2e9bq64vSaS9Am0fje1Pa8pbGqTTsmXfaIiMpnr5DlDhfJOuLj9Sf95ZPVDAUerDfEk88MPmPe7UCQg==}
    engines: {node: '>=0.10.0'}

  picomatch@2.3.2:
    resolution: {integrity: sha512-V7+vQEJ06Z+c5tSye8S+nHUfI51xoXIXjHQ99cQtKUkQqqO1kO/KCJUfZXuB47h/YBlDhah2H3hdUGXn8ie0oA==}
    engines: {node: '>=8.6'}

  pidusage@2.0.21:
    resolution: {integrity: sha512-cv3xAQos+pugVX+BfXpHsbyz/dLzX+lr44zNMsYiGxUw+kV5sgQCIcLd1z+0vq+KyC7dJ+/ts2PsfgWfSC3WXA==}
    engines: {node: '>=8'}

  pidusage@4.0.1:
    resolution: {integrity: sha512-yCH2dtLHfEBnzlHUJymR/Z1nN2ePG3m392Mv8TFlTP1B0xkpMQNHAnfkY0n2tAi6ceKO6YWhxYfZ96V4vVkh/g==}
    engines: {node: '>=18'}

  pm2-deploy@1.0.2:
    resolution: {integrity: sha512-YJx6RXKrVrWaphEYf++EdOOx9EH18vM8RSZN/P1Y+NokTKqYAca/ejXwVLyiEpNju4HPZEk3Y2uZouwMqUlcgg==}
    engines: {node: '>=4.0.0'}

  pm2-sysmonit@1.2.8:
    resolution: {integrity: sha512-ACOhlONEXdCTVwKieBIQLSi2tQZ8eKinhcr9JpZSUAL8Qy0ajIgRtsLxG/lwPOW3JEKqPyw/UaHmTWhUzpP4kA==}

  pm2@7.0.1:
    resolution: {integrity: sha512-h/DI7WomfdAWDzDRtjhnNfsG4Do6kuOY+VGKbqffHW3yRZMUoWzwyBDkXjrOWvnBlwuY3lYBKkozDdCagfRI4Q==}
    engines: {node: '>=18.0.0'}
    hasBin: true

  protobufjs@5.0.1:
    resolution: {integrity: sha512-qyjAxPqPS9G79Rj8eQcuxjk2XkqrJyQDUArBw59/d3uNxZSG8xH6py6u0PEyKYbnIsUN5iFM8HHERt0YZUz7NA==}
    engines: {node: '>=0.8'}
    hasBin: true

  proxy-agent@6.5.0:
    resolution: {integrity: sha512-TmatMXdr2KlRiA2CyDu8GqR8EjahTG3aY3nXjdzFyoZbmB8hrBsTyMezhULIXKnC0jpfjlmiZ3+EaCzoInSu/A==}
    engines: {node: '>= 14'}

  proxy-from-env@1.1.0:
    resolution: {integrity: sha512-D+zkORCbA9f1tdWRK0RaCR3GPv50cMxcrz4X8k5LTSUD1Dkw47mKJEZQNunItRTkWwgtaUSo1RVFRIG9ZXiFYg==}

  readdirp@3.6.0:
    resolution: {integrity: sha512-hOS089on8RduqdbhvQ5Z37A0ESjsqz6qnRcffsMU3495FuTdqSm+7bhJ29JvIOsBDEEnan5DPu9t3To9VRlMzA==}
    engines: {node: '>=8.10.0'}

  run-series@1.1.9:
    resolution: {integrity: sha512-Arc4hUN896vjkqCYrUXquBFtRZdv1PfLbTYP71efP6butxyQ0kWpiNJyAgsxscmQg1cqvHY32/UCBzXedTpU2g==}

  safe-buffer@5.2.1:
    resolution: {integrity: sha512-rp3So07KcdmmKbGvgaNxQSJr7bGVSVk5S9Eq1F+ppbRo70+YeaDxkw5Dd8NPN+GD6bjnYm2VuPuCXmpuYvmCXQ==}

  semver@7.7.2:
    resolution: {integrity: sha512-RF0Fw+rO5AMf9MAyaRXI4AV0Ulj5lMHqVxxdSgiVbixSCXoEmmX/jk0CuJw4+3SqroYO9VoUh+HcuJivvtJemA==}
    engines: {node: '>=10'}
    hasBin: true

  smart-buffer@4.2.0:
    resolution: {integrity: sha512-94hK0Hh8rPqQl2xXc3HsaBoOXKV20MToPkcXvwbISWLEs+64sBq5kFgn2kJDHb1Pry9yrP0dxrCI9RRci7RXKg==}
    engines: {node: '>= 6.0.0', npm: '>= 3.0.0'}

  socks-proxy-agent@8.0.5:
    resolution: {integrity: sha512-HehCEsotFqbPW9sJ8WVYB6UbmIMv7kUUORIF2Nncq4VQvBfNBLibW9YZR5dlYCSUhwcD628pRllm7n+E+YTzJw==}
    engines: {node: '>= 14'}

  socks@2.8.9:
    resolution: {integrity: sha512-LJhUYUvItdQ0LkJTmPeaEObWXAqFyfmP85x0tch/ez9cahmhlBBLbIqDFnvBnUJGagb0JbIQrkBs1wJ+yRYpEw==}
    engines: {node: '>= 10.0.0', npm: '>= 3.0.0'}

  source-map@0.6.1:
    resolution: {integrity: sha512-UjgapumWlbMhkBgzT7Ykc5YXUT46F0iKu8SGXq0bcwP5dz/h0Plj6enJqjz1Zbq2l5WaqYnrVbwWOWMyF3F47g==}
    engines: {node: '>=0.10.0'}

  string-width@1.0.2:
    resolution: {integrity: sha512-0XsVpQLnVCXHJfyEs8tC0zpTVIr5PKKsQtkT29IwupnPTjtPmQ3xT/4yCREF9hYkV/3M3kzcUTSAZT6a6h81tw==}
    engines: {node: '>=0.10.0'}

  strip-ansi@3.0.1:
    resolution: {integrity: sha512-VhumSSbBqDTP8p2ZLKj40UjBCV4+v8bUSEpUb4KjRgWk9pbqGF4REFj6KEagidb2f/M6AzC0EmFyDNGaw9OCzg==}
    engines: {node: '>=0.10.0'}

  supports-color@7.2.0:
    resolution: {integrity: sha512-qpCAvRl9stuOHveKsn7HncJRvv501qIacKzQlO/+Lwxc9+0q2wLyv4Dfvt80/DPn2pqOBsJdDiogXGR9+OvwRw==}
    engines: {node: '>=8'}

  systeminformation@5.31.7:
    resolution: {integrity: sha512-/8NC53e5nP9nmhn42/ncdOkyJnOoue/Vy+tJOyUGd1Yv66G069wK4rrziwhrqDETgk78CudTQupw5z19S5uoZw==}
    engines: {node: '>=8.0.0'}
    os: [darwin, linux, win32, freebsd, openbsd, netbsd, sunos, android]
    hasBin: true

  to-regex-range@5.0.1:
    resolution: {integrity: sha512-65P7iz6X5yEr1cwcgvQxbbIw7Uk3gOy5dIdtZ4rDveLqhrdJP+Li/Hx6tyK0NEb+2GCyneCMJiGqrADCSNk8sQ==}
    engines: {node: '>=8.0'}

  tr46@0.0.3:
    resolution: {integrity: sha512-N3WMsuqV66lT30CrXNbEjx4GEwlow3v6rr4mCcv6prnfwhS01rkgyFdjPNBYd9br7LpXV1+Emh01fHnq2Gdgrw==}

  tslib@2.8.1:
    resolution: {integrity: sha512-oJFu94HQb+KVduSUQL7wnpmqnfmLsOA/nAh6b6EH0wCEoK0/mPeXU6c3wKDV83MkOuHPRHtSXKKU99IBazS/2w==}

  tsx@4.22.4:
    resolution: {integrity: sha512-X8EX+XV4QR5xCsrgxaED954zTDfY8KqlDtskKEL0cHhyS/P8b4IFOvGDQpsC9Q1XnLq915wEfwwY/zzskCtmhg==}
    engines: {node: '>=18.0.0'}
    hasBin: true

  tv4@1.3.0:
    resolution: {integrity: sha512-afizzfpJgvPr+eDkREK4MxJ/+r8nEEHcmitwgnPUqpaP+FpwQyadnxNoSACbgc/b1LsZYtODGoPiFxQrgJgjvw==}
    engines: {node: '>= 0.8.0'}

  tx2@1.0.5:
    resolution: {integrity: sha512-sJ24w0y03Md/bxzK4FU8J8JveYYUbSs2FViLJ2D/8bytSiyPRbuE3DyL/9UKYXTZlV3yXq0L8GLlhobTnekCVg==}

  typescript@6.0.3:
    resolution: {integrity: sha512-y2TvuxSZPDyQakkFRPZHKFm+KKVqIisdg9/CZwm9ftvKXLP8NRWj38/ODjNbr43SsoXqNuAisEf1GdCxqWcdBw==}
    engines: {node: '>=14.17'}
    hasBin: true

  undici-types@7.24.6:
    resolution: {integrity: sha512-WRNW+sJgj5OBN4/0JpHFqtqzhpbnV0GuB+OozA9gCL7a993SmU+1JBZCzLNxYsbMfIeDL+lTsphD5jN5N+n0zg==}

  uuid@8.3.2:
    resolution: {integrity: sha512-+NYs2QeMWy+GWFOEm9xnn6HCDp0l7QBD7ml8zLUmJ+93Q5NF0NocErnwkTkXVFNiX3/fpC6afS8Dhb/gz7R7eg==}
    deprecated: uuid@10 and below is no longer supported.  For ESM codebases, update to uuid@latest.  For CommonJS codebases, use uuid@11 (but be aware this version will likely be deprecated in 2028).
    hasBin: true

  vizion@2.2.1:
    resolution: {integrity: sha512-sfAcO2yeSU0CSPFI/DmZp3FsFE9T+8913nv1xWBOyzODv13fwkn6Vl7HqxGpkr9F608M+8SuFId3s+BlZqfXww==}
    engines: {node: '>=4.0'}

  webidl-conversions@3.0.1:
    resolution: {integrity: sha512-2JAn3z8AR6rjK8Sm8orRC0h/bcl/DqL7tRPdGZ4I1CjdF+EaMLmYxBHyXuKL849eucPFhvBoxMsflfOb8kxaeQ==}

  whatwg-url@5.0.0:
    resolution: {integrity: sha512-saE57nupxk6v3HY35+jzBwYa0rKSy0XR8JSxZPwgLr7ys0IBzhGviA1/TUGJLmSVqs8pb9AnvICXEuOHLprYTw==}

  window-size@0.1.4:
    resolution: {integrity: sha512-2thx4pB0cV3h+Bw7QmMXcEbdmOzv9t0HFplJH/Lz6yu60hXYy5RT8rUu+wlIreVxWsGN20mo+MHeCSfUpQBwPw==}
    engines: {node: '>= 0.10.0'}
    hasBin: true

  wrap-ansi@2.1.0:
    resolution: {integrity: sha512-vAaEaDM946gbNpH5pLVNR+vX2ht6n0Bt3GXwVB1AuAqZosOvHNF3P7wDnh8KLkSqgUh0uh77le7Owgoz+Z9XBw==}
    engines: {node: '>=0.10.0'}

  wrappy@1.0.2:
    resolution: {integrity: sha512-l4Sp/DRseor9wL6EvV2+TuQn63dMkPjZ/sp9XkghTEbV9KlPS1xUsZ3u7/IQO4wxtcFB4bgpQPRcR3QCvezPcQ==}

  ws@7.5.11:
    resolution: {integrity: sha512-zS54Oen9bITtp7kp2XM3AydrCIq1D+HwJOuH+c+e4LfpL/lotP5osijd+UoMnxwAam1GN8R4KtLAyIrIcBNpiA==}
    engines: {node: '>=8.3.0'}
    peerDependencies:
      bufferutil: ^4.0.1
      utf-8-validate: ^5.0.2
    peerDependenciesMeta:
      bufferutil:
        optional: true
      utf-8-validate:
        optional: true

  ws@8.20.0:
    resolution: {integrity: sha512-sAt8BhgNbzCtgGbt2OxmpuryO63ZoDk/sqaB/znQm94T4fCEsy/yV+7CdC1kJhOU9lboAEU7R3kquuycDoibVA==}
    engines: {node: '>=10.0.0'}
    peerDependencies:
      bufferutil: ^4.0.1
      utf-8-validate: '>=5.0.2'
    peerDependenciesMeta:
      bufferutil:
        optional: true
      utf-8-validate:
        optional: true

  y18n@3.2.2:
    resolution: {integrity: sha512-uGZHXkHnhF0XeeAPgnKfPv1bgKAYyVvmNL1xlKsPYZPaIHxGti2hHqvOCQv71XMsLxu1QjergkqogUnms5D3YQ==}

  yargs@3.32.0:
    resolution: {integrity: sha512-ONJZiimStfZzhKamYvR/xvmgW3uEkAUFSP91y2caTEPhzF6uP2JfPiVZcq66b/YR0C3uitxSV7+T1x8p5bkmMg==}

snapshots:

  '@esbuild/aix-ppc64@0.28.0':
    optional: true

  '@esbuild/android-arm64@0.28.0':
    optional: true

  '@esbuild/android-arm@0.28.0':
    optional: true

  '@esbuild/android-x64@0.28.0':
    optional: true

  '@esbuild/darwin-arm64@0.28.0':
    optional: true

  '@esbuild/darwin-x64@0.28.0':
    optional: true

  '@esbuild/freebsd-arm64@0.28.0':
    optional: true

  '@esbuild/freebsd-x64@0.28.0':
    optional: true

  '@esbuild/linux-arm64@0.28.0':
    optional: true

  '@esbuild/linux-arm@0.28.0':
    optional: true

  '@esbuild/linux-ia32@0.28.0':
    optional: true

  '@esbuild/linux-loong64@0.28.0':
    optional: true

  '@esbuild/linux-mips64el@0.28.0':
    optional: true

  '@esbuild/linux-ppc64@0.28.0':
    optional: true

  '@esbuild/linux-riscv64@0.28.0':
    optional: true

  '@esbuild/linux-s390x@0.28.0':
    optional: true

  '@esbuild/linux-x64@0.28.0':
    optional: true

  '@esbuild/netbsd-arm64@0.28.0':
    optional: true

  '@esbuild/netbsd-x64@0.28.0':
    optional: true

  '@esbuild/openbsd-arm64@0.28.0':
    optional: true

  '@esbuild/openbsd-x64@0.28.0':
    optional: true

  '@esbuild/openharmony-arm64@0.28.0':
    optional: true

  '@esbuild/sunos-x64@0.28.0':
    optional: true

  '@esbuild/win32-arm64@0.28.0':
    optional: true

  '@esbuild/win32-ia32@0.28.0':
    optional: true

  '@esbuild/win32-x64@0.28.0':
    optional: true

  '@grammyjs/types@3.27.3': {}

  '@pm2/blessed@0.1.81': {}

  '@pm2/js-api@0.8.0':
    dependencies:
      async: 2.6.4
      debug: 4.3.7
      eventemitter2: 6.4.9
      extrareqp2: 1.0.0(debug@4.3.7)
      ws: 7.5.11
    transitivePeerDependencies:
      - bufferutil
      - supports-color
      - utf-8-validate

  '@pm2/pm2-version-check@1.0.4':
    dependencies:
      debug: 4.4.3
    transitivePeerDependencies:
      - supports-color

  '@reiryoku/ctrader-layer@2.2.0':
    dependencies:
      axios: 0.21.1
      protobufjs: 5.0.1
      uuid: 8.3.2
    transitivePeerDependencies:
      - debug

  '@tootallnate/quickjs-emscripten@0.23.0': {}

  '@types/node@25.9.2':
    dependencies:
      undici-types: 7.24.6

  abort-controller@3.0.0:
    dependencies:
      event-target-shim: 5.0.1

  agent-base@7.1.4: {}

  amp-message@0.1.2:
    dependencies:
      amp: 0.3.1

  amp@0.3.1: {}

  ansi-regex@2.1.1: {}

  ansi-styles@4.3.0:
    dependencies:
      color-convert: 2.0.1

  ansis@4.0.0-node10: {}

  anymatch@3.1.3:
    dependencies:
      normalize-path: 3.0.0
      picomatch: 2.3.2

  argparse@2.0.1: {}

  ascli@1.0.1:
    dependencies:
      colour: 0.7.1
      optjs: 3.2.2

  ast-types@0.13.4:
    dependencies:
      tslib: 2.8.1

  async@2.6.4:
    dependencies:
      lodash: 4.18.1

  async@3.2.6: {}

  axios@0.21.1:
    dependencies:
      follow-redirects: 1.16.0(debug@4.3.7)
    transitivePeerDependencies:
      - debug

  balanced-match@1.0.2: {}

  basic-ftp@5.3.1: {}

  binary-extensions@2.3.0: {}

  bodec@0.1.0: {}

  brace-expansion@1.1.15:
    dependencies:
      balanced-match: 1.0.2
      concat-map: 0.0.1

  braces@3.0.3:
    dependencies:
      fill-range: 7.1.1

  bytebuffer@5.0.1:
    dependencies:
      long: 3.2.0

  camelcase@2.1.1: {}

  chalk@3.0.0:
    dependencies:
      ansi-styles: 4.3.0
      supports-color: 7.2.0

  chokidar@3.6.0:
    dependencies:
      anymatch: 3.1.3
      braces: 3.0.3
      glob-parent: 5.1.2
      is-binary-path: 2.1.0
      is-glob: 4.0.3
      normalize-path: 3.0.0
      readdirp: 3.6.0
    optionalDependencies:
      fsevents: 2.3.3

  cli-tableau@2.0.1:
    dependencies:
      chalk: 3.0.0

  cliui@3.2.0:
    dependencies:
      string-width: 1.0.2
      strip-ansi: 3.0.1
      wrap-ansi: 2.1.0

  code-point-at@1.1.0: {}

  color-convert@2.0.1:
    dependencies:
      color-name: 1.1.4

  color-name@1.1.4: {}

  colour@0.7.1: {}

  commander@2.15.1: {}

  concat-map@0.0.1: {}

  croner@4.1.97: {}

  culvert@0.1.2: {}

  data-uri-to-buffer@6.0.2: {}

  dayjs@1.11.15: {}

  debug@4.3.7:
    dependencies:
      ms: 2.1.3

  debug@4.4.3:
    dependencies:
      ms: 2.1.3

  decamelize@1.2.0: {}

  degenerator@5.0.1:
    dependencies:
      ast-types: 0.13.4
      escodegen: 2.1.0
      esprima: 4.0.1

  dotenv@17.4.2: {}

  esbuild@0.28.0:
    optionalDependencies:
      '@esbuild/aix-ppc64': 0.28.0
      '@esbuild/android-arm': 0.28.0
      '@esbuild/android-arm64': 0.28.0
      '@esbuild/android-x64': 0.28.0
      '@esbuild/darwin-arm64': 0.28.0
      '@esbuild/darwin-x64': 0.28.0
      '@esbuild/freebsd-arm64': 0.28.0
      '@esbuild/freebsd-x64': 0.28.0
      '@esbuild/linux-arm': 0.28.0
      '@esbuild/linux-arm64': 0.28.0
      '@esbuild/linux-ia32': 0.28.0
      '@esbuild/linux-loong64': 0.28.0
      '@esbuild/linux-mips64el': 0.28.0
      '@esbuild/linux-ppc64': 0.28.0
      '@esbuild/linux-riscv64': 0.28.0
      '@esbuild/linux-s390x': 0.28.0
      '@esbuild/linux-x64': 0.28.0
      '@esbuild/netbsd-arm64': 0.28.0
      '@esbuild/netbsd-x64': 0.28.0
      '@esbuild/openbsd-arm64': 0.28.0
      '@esbuild/openbsd-x64': 0.28.0
      '@esbuild/openharmony-arm64': 0.28.0
      '@esbuild/sunos-x64': 0.28.0
      '@esbuild/win32-arm64': 0.28.0
      '@esbuild/win32-ia32': 0.28.0
      '@esbuild/win32-x64': 0.28.0

  escodegen@2.1.0:
    dependencies:
      esprima: 4.0.1
      estraverse: 5.3.0
      esutils: 2.0.3
    optionalDependencies:
      source-map: 0.6.1

  esprima@4.0.1: {}

  estraverse@5.3.0: {}

  esutils@2.0.3: {}

  event-target-shim@5.0.1: {}

  eventemitter2@6.4.9: {}

  extrareqp2@1.0.0(debug@4.3.7):
    dependencies:
      follow-redirects: 1.16.0(debug@4.3.7)
    transitivePeerDependencies:
      - debug

  fast-json-patch@3.1.1: {}

  fill-range@7.1.1:
    dependencies:
      to-regex-range: 5.0.1

  follow-redirects@1.16.0(debug@4.3.7):
    optionalDependencies:
      debug: 4.3.7

  fsevents@2.3.3:
    optional: true

  get-uri@6.0.5:
    dependencies:
      basic-ftp: 5.3.1
      data-uri-to-buffer: 6.0.2
      debug: 4.4.3
    transitivePeerDependencies:
      - supports-color

  git-node-fs@1.0.0(js-git@0.7.8):
    optionalDependencies:
      js-git: 0.7.8

  git-sha1@0.1.2: {}

  glob-parent@5.1.2:
    dependencies:
      is-glob: 4.0.3

  glob@5.0.15:
    dependencies:
      inflight: 1.0.6
      inherits: 2.0.4
      minimatch: 3.1.5
      once: 1.4.0
      path-is-absolute: 1.0.1

  grammy@1.43.0:
    dependencies:
      '@grammyjs/types': 3.27.3
      abort-controller: 3.0.0
      debug: 4.4.3
      node-fetch: 2.7.0
    transitivePeerDependencies:
      - encoding
      - supports-color

  has-flag@4.0.0: {}

  http-proxy-agent@7.0.2:
    dependencies:
      agent-base: 7.1.4
      debug: 4.4.3
    transitivePeerDependencies:
      - supports-color

  https-proxy-agent@7.0.6:
    dependencies:
      agent-base: 7.1.4
      debug: 4.4.3
    transitivePeerDependencies:
      - supports-color

  inflight@1.0.6:
    dependencies:
      once: 1.4.0
      wrappy: 1.0.2

  inherits@2.0.4: {}

  ini@1.3.8: {}

  invert-kv@1.0.0: {}

  ip-address@10.2.0: {}

  is-binary-path@2.1.0:
    dependencies:
      binary-extensions: 2.3.0

  is-extglob@2.1.1: {}

  is-fullwidth-code-point@1.0.0:
    dependencies:
      number-is-nan: 1.0.1

  is-glob@4.0.3:
    dependencies:
      is-extglob: 2.1.1

  is-number@7.0.0: {}

  js-git@0.7.8:
    dependencies:
      bodec: 0.1.0
      culvert: 0.1.2
      git-sha1: 0.1.2
      pako: 0.2.9

  js-yaml@4.1.1:
    dependencies:
      argparse: 2.0.1

  json-stringify-safe@5.0.1:
    optional: true

  lcid@1.0.0:
    dependencies:
      invert-kv: 1.0.0

  lodash@4.18.1: {}

  long@3.2.0: {}

  lru-cache@7.18.3: {}

  minimatch@3.1.5:
    dependencies:
      brace-expansion: 1.1.15

  ms@2.1.3: {}

  netmask@2.1.1: {}

  node-fetch@2.7.0:
    dependencies:
      whatwg-url: 5.0.0

  normalize-path@3.0.0: {}

  number-is-nan@1.0.1: {}

  once@1.4.0:
    dependencies:
      wrappy: 1.0.2

  optjs@3.2.2: {}

  os-locale@1.4.0:
    dependencies:
      lcid: 1.0.0

  pac-proxy-agent@7.2.0:
    dependencies:
      '@tootallnate/quickjs-emscripten': 0.23.0
      agent-base: 7.1.4
      debug: 4.4.3
      get-uri: 6.0.5
      http-proxy-agent: 7.0.2
      https-proxy-agent: 7.0.6
      pac-resolver: 7.0.1
      socks-proxy-agent: 8.0.5
    transitivePeerDependencies:
      - supports-color

  pac-resolver@7.0.1:
    dependencies:
      degenerator: 5.0.1
      netmask: 2.1.1

  pako@0.2.9: {}

  path-is-absolute@1.0.1: {}

  picomatch@2.3.2: {}

  pidusage@2.0.21:
    dependencies:
      safe-buffer: 5.2.1
    optional: true

  pidusage@4.0.1:
    dependencies:
      safe-buffer: 5.2.1

  pm2-deploy@1.0.2:
    dependencies:
      run-series: 1.1.9
      tv4: 1.3.0

  pm2-sysmonit@1.2.8:
    dependencies:
      async: 3.2.6
      debug: 4.4.3
      pidusage: 2.0.21
      systeminformation: 5.31.7
      tx2: 1.0.5
    transitivePeerDependencies:
      - supports-color
    optional: true

  pm2@7.0.1:
    dependencies:
      '@pm2/blessed': 0.1.81
      '@pm2/js-api': 0.8.0
      '@pm2/pm2-version-check': 1.0.4
      amp: 0.3.1
      amp-message: 0.1.2
      ansis: 4.0.0-node10
      async: 3.2.6
      chokidar: 3.6.0
      cli-tableau: 2.0.1
      commander: 2.15.1
      croner: 4.1.97
      dayjs: 1.11.15
      debug: 4.4.3
      eventemitter2: 6.4.9
      fast-json-patch: 3.1.1
      js-yaml: 4.1.1
      pidusage: 4.0.1
      pm2-deploy: 1.0.2
      proxy-agent: 6.5.0
      semver: 7.7.2
      vizion: 2.2.1
      ws: 8.20.0
    optionalDependencies:
      pm2-sysmonit: 1.2.8
    transitivePeerDependencies:
      - bufferutil
      - supports-color
      - utf-8-validate

  protobufjs@5.0.1:
    dependencies:
      ascli: 1.0.1
      bytebuffer: 5.0.1
      glob: 5.0.15
      yargs: 3.32.0

  proxy-agent@6.5.0:
    dependencies:
      agent-base: 7.1.4
      debug: 4.4.3
      http-proxy-agent: 7.0.2
      https-proxy-agent: 7.0.6
      lru-cache: 7.18.3
      pac-proxy-agent: 7.2.0
      proxy-from-env: 1.1.0
      socks-proxy-agent: 8.0.5
    transitivePeerDependencies:
      - supports-color

  proxy-from-env@1.1.0: {}

  readdirp@3.6.0:
    dependencies:
      picomatch: 2.3.2

  run-series@1.1.9: {}

  safe-buffer@5.2.1: {}

  semver@7.7.2: {}

  smart-buffer@4.2.0: {}

  socks-proxy-agent@8.0.5:
    dependencies:
      agent-base: 7.1.4
      debug: 4.4.3
      socks: 2.8.9
    transitivePeerDependencies:
      - supports-color

  socks@2.8.9:
    dependencies:
      ip-address: 10.2.0
      smart-buffer: 4.2.0

  source-map@0.6.1:
    optional: true

  string-width@1.0.2:
    dependencies:
      code-point-at: 1.1.0
      is-fullwidth-code-point: 1.0.0
      strip-ansi: 3.0.1

  strip-ansi@3.0.1:
    dependencies:
      ansi-regex: 2.1.1

  supports-color@7.2.0:
    dependencies:
      has-flag: 4.0.0

  systeminformation@5.31.7:
    optional: true

  to-regex-range@5.0.1:
    dependencies:
      is-number: 7.0.0

  tr46@0.0.3: {}

  tslib@2.8.1: {}

  tsx@4.22.4:
    dependencies:
      esbuild: 0.28.0
    optionalDependencies:
      fsevents: 2.3.3

  tv4@1.3.0: {}

  tx2@1.0.5:
    dependencies:
      json-stringify-safe: 5.0.1
    optional: true

  typescript@6.0.3: {}

  undici-types@7.24.6: {}

  uuid@8.3.2: {}

  vizion@2.2.1:
    dependencies:
      async: 2.6.4
      git-node-fs: 1.0.0(js-git@0.7.8)
      ini: 1.3.8
      js-git: 0.7.8

  webidl-conversions@3.0.1: {}

  whatwg-url@5.0.0:
    dependencies:
      tr46: 0.0.3
      webidl-conversions: 3.0.1

  window-size@0.1.4: {}

  wrap-ansi@2.1.0:
    dependencies:
      string-width: 1.0.2
      strip-ansi: 3.0.1

  wrappy@1.0.2: {}

  ws@7.5.11: {}

  ws@8.20.0: {}

  y18n@3.2.2: {}

  yargs@3.32.0:
    dependencies:
      camelcase: 2.1.1
      cliui: 3.2.0
      decamelize: 1.2.0
      os-locale: 1.4.0
      string-width: 1.0.2
      window-size: 0.1.4
      y18n: 3.2.2
